
Microsoft Visual Studio Solution File, Format Version 12.00
# Visual Studio 15
VisualStudioVersion = 15.0.28010.2026
MinimumVisualStudioVersion = 10.0.40219.1
Project("{FAE04EC0-301F-11D3-BF4B-00C04F79EFBC}") = "CookBook", "CookBook\CookBook.csproj", "{06D5FF53-5524-4DAA-BFFA-20DA8F3F60CB}"
EndProject
Global
	GlobalSection(SolutionConfigurationPlatforms) = preSolution
		Debug|Any CPU = Debug|Any CPU
		Release|Any CPU = Release|Any CPU
	EndGlobalSection
	GlobalSection(ProjectConfigurationPlatforms) = postSolution
		{06D5FF53-5524-4DAA-BFFA-20DA8F3F60CB}.Debug|Any CPU.ActiveCfg = Debug|Any CPU
		{06D5FF53-5524-4DAA-BFFA-20DA8F3F60CB}.Debug|Any CPU.Build.0 = Debug|Any CPU
		{06D5FF53-5524-4DAA-BFFA-20DA8F3F60CB}.Release|Any CPU.ActiveCfg = Release|Any CPU
		{06D5FF53-5524-4DAA-BFFA-20DA8F3F60CB}.Release|Any CPU.Build.0 = Release|Any CPU
	EndGlobalSection
	GlobalSection(SolutionProperties) = preSolution
		HideSolutionNode = FALSE
	EndGlobalSection
	GlobalSection(ExtensibilityGlobals) = postSolution
		SolutionGuid = {3D2E98FA-F063-4456-B615-52E952AF505B}
	EndGlobalSection
EndGlobal
